
Microsoft Visual Studio Solution File, Format Version 12.00
# Visual Studio Version 17
VisualStudioVersion = 17.14.36908.2 d17.14
MinimumVisualStudioVersion = 10.0.40219.1
Project("{FAE04EC0-301F-11D3-BF4B-00C04F79EFBC}") = "API_PFR2", "API_PFR2\API_PFR2.csproj", "{BA3D842F-C0D8-4858-BCD8-614AD0CB8F9A}"
EndProject
Project("{FAE04EC0-301F-11D3-BF4B-00C04F79EFBC}") = "API_PFR2_TestsUnitaires", "API_PFR2_TestsUnitaires\API_PFR2_TestsUnitaires.csproj", "{67C47176-5748-41E2-A8F0-26B07F58DDB6}"
EndProject
Project("{FAE04EC0-301F-11D3-BF4B-00C04F79EFBC}") = "API_PFR2_TestsIntegration", "API_PFR2_TestsIntegration\API_PFR2_TestsIntegration.csproj", "{1ECC26FB-F641-46CB-AEAF-BFF5B2D5D4D7}"
EndProject
Global
	GlobalSection(SolutionConfigurationPlatforms) = preSolution
		Debug|Any CPU = Debug|Any CPU
		Release|Any CPU = Release|Any CPU
	EndGlobalSection
	GlobalSection(ProjectConfigurationPlatforms) = postSolution
		{BA3D842F-C0D8-4858-BCD8-614AD0CB8F9A}.Debug|Any CPU.ActiveCfg = Debug|Any CPU
		{BA3D842F-C0D8-4858-BCD8-614AD0CB8F9A}.Debug|Any CPU.Build.0 = Debug|Any CPU
		{BA3D842F-C0D8-4858-BCD8-614AD0CB8F9A}.Release|Any CPU.ActiveCfg = Release|Any CPU
		{BA3D842F-C0D8-4858-BCD8-614AD0CB8F9A}.Release|Any CPU.Build.0 = Release|Any CPU
		{67C47176-5748-41E2-A8F0-26B07F58DDB6}.Debug|Any CPU.ActiveCfg = Debug|Any CPU
		{67C47176-5748-41E2-A8F0-26B07F58DDB6}.Debug|Any CPU.Build.0 = Debug|Any CPU
		{67C47176-5748-41E2-A8F0-26B07F58DDB6}.Release|Any CPU.ActiveCfg = Release|Any CPU
		{67C47176-5748-41E2-A8F0-26B07F58DDB6}.Release|Any CPU.Build.0 = Release|Any CPU
		{1ECC26FB-F641-46CB-AEAF-BFF5B2D5D4D7}.Debug|Any CPU.ActiveCfg = Debug|Any CPU
		{1ECC26FB-F641-46CB-AEAF-BFF5B2D5D4D7}.Debug|Any CPU.Build.0 = Debug|Any CPU
		{1ECC26FB-F641-46CB-AEAF-BFF5B2D5D4D7}.Release|Any CPU.ActiveCfg = Release|Any CPU
		{1ECC26FB-F641-46CB-AEAF-BFF5B2D5D4D7}.Release|Any CPU.Build.0 = Release|Any CPU
	EndGlobalSection
	GlobalSection(SolutionProperties) = preSolution
		HideSolutionNode = FALSE
	EndGlobalSection
	GlobalSection(ExtensibilityGlobals) = postSolution
		SolutionGuid = {561BAA1C-FB43-4001-B26C-DC1DC61B9A74}
	EndGlobalSection
EndGlobal
